
Microsoft Visual Studio Solution File, Format Version 12.00
# Visual Studio Version 16
VisualStudioVersion = 16.0.30503.244
MinimumVisualStudioVersion = 10.0.40219.1
Project("{FAE04EC0-301F-11D3-BF4B-00C04F79EFBC}") = "CreatingSingInSignUpForm", "CreatingSingInSignUpForm\CreatingSingInSignUpForm.csproj", "{44C8784F-570F-4A41-9429-5CE4B72D50EE}"
EndProject
Project("{FAE04EC0-301F-11D3-BF4B-00C04F79EFBC}") = "Base project", "Base project\Base project.csproj", "{BD106650-1A05-45F0-86A4-E2199CC95E8B}"
EndProject
Global
	GlobalSection(SolutionConfigurationPlatforms) = preSolution
		Debug|Any CPU = Debug|Any CPU
		Release|Any CPU = Release|Any CPU
	EndGlobalSection
	GlobalSection(ProjectConfigurationPlatforms) = postSolution
		{44C8784F-570F-4A41-9429-5CE4B72D50EE}.Debug|Any CPU.ActiveCfg = Debug|Any CPU
		{44C8784F-570F-4A41-9429-5CE4B72D50EE}.Debug|Any CPU.Build.0 = Debug|Any CPU
		{44C8784F-570F-4A41-9429-5CE4B72D50EE}.Release|Any CPU.ActiveCfg = Release|Any CPU
		{44C8784F-570F-4A41-9429-5CE4B72D50EE}.Release|Any CPU.Build.0 = Release|Any CPU
		{BD106650-1A05-45F0-86A4-E2199CC95E8B}.Debug|Any CPU.ActiveCfg = Debug|Any CPU
		{BD106650-1A05-45F0-86A4-E2199CC95E8B}.Debug|Any CPU.Build.0 = Debug|Any CPU
		{BD106650-1A05-45F0-86A4-E2199CC95E8B}.Release|Any CPU.ActiveCfg = Release|Any CPU
		{BD106650-1A05-45F0-86A4-E2199CC95E8B}.Release|Any CPU.Build.0 = Release|Any CPU
	EndGlobalSection
	GlobalSection(SolutionProperties) = preSolution
		HideSolutionNode = FALSE
	EndGlobalSection
	GlobalSection(ExtensibilityGlobals) = postSolution
		SolutionGuid = {C526C866-4D1C-46AA-8F0E-21912656EC26}
	EndGlobalSection
EndGlobal
